{
  "version": 4,
  "terraform_version": "1.6.5",
  "serial": 3,
  "lineage": "1cf54eb5-3f26-0555-24fc-f9f13365c763",
  "outputs": {},
  "resources": [
    {
      "mode": "managed",
      "type": "aws_vpc",
      "name": "vpc_ohio",
      "provider": "provider[\"registry.terraform.io/hashicorp/aws\"].ohio",
      "instances": [
        {
          "schema_version": 1,
          "attributes": {
            "arn": "arn:aws:ec2:us-east-2:386229360246:vpc/vpc-0c7d2ac01c459ec99",
            "assign_generated_ipv6_cidr_block": false,
            "cidr_block": "10.20.0.0/16",
            "default_network_acl_id": "acl-0d6f8559de475935d",
            "default_route_table_id": "rtb-020af18c205b387e3",
            "default_security_group_id": "sg-0342e33788e6f4a44",
            "dhcp_options_id": "dopt-012d1dac4c0c9769f",
            "enable_classiclink": false,
            "enable_classiclink_dns_support": false,
            "enable_dns_hostnames": false,
            "enable_dns_support": true,
            "enable_network_address_usage_metrics": false,
            "id": "vpc-0c7d2ac01c459ec99",
            "instance_tenancy": "default",
            "ipv4_ipam_pool_id": null,
            "ipv4_netmask_length": null,
            "ipv6_association_id": "",
            "ipv6_cidr_block": "",
            "ipv6_cidr_block_network_border_group": "",
            "ipv6_ipam_pool_id": "",
            "ipv6_netmask_length": 0,
            "main_route_table_id": "rtb-020af18c205b387e3",
            "owner_id": "386229360246",
            "tags": {
              "Env": "Dev",
              "Name": "VPC_Ohio"
            },
            "tags_all": {
              "Env": "Dev",
              "Name": "VPC_Ohio"
            }
          },
          "sensitive_attributes": [],
          "private": "eyJzY2hlbWFfdmVyc2lvbiI6IjEifQ=="
        }
      ]
    },
    {
      "mode": "managed",
      "type": "aws_vpc",
      "name": "vpc_virginia",
      "provider": "provider[\"registry.terraform.io/hashicorp/aws\"]",
      "instances": [
        {
          "schema_version": 1,
          "attributes": {
            "arn": "arn:aws:ec2:us-east-1:386229360246:vpc/vpc-04b76240dd8a01fe0",
            "assign_generated_ipv6_cidr_block": false,
            "cidr_block": "10.10.0.0/16",
            "default_network_acl_id": "acl-0d70cac7a3f872f20",
            "default_route_table_id": "rtb-0b94de980dba3223c",
            "default_security_group_id": "sg-04cb41dcb0c9fae05",
            "dhcp_options_id": "dopt-0b169057bc670e5a7",
            "enable_classiclink": false,
            "enable_classiclink_dns_support": false,
            "enable_dns_hostnames": false,
            "enable_dns_support": true,
            "enable_network_address_usage_metrics": false,
            "id": "vpc-04b76240dd8a01fe0",
            "instance_tenancy": "default",
            "ipv4_ipam_pool_id": null,
            "ipv4_netmask_length": null,
            "ipv6_association_id": "",
            "ipv6_cidr_block": "",
            "ipv6_cidr_block_network_border_group": "",
            "ipv6_ipam_pool_id": "",
            "ipv6_netmask_length": 0,
            "main_route_table_id": "rtb-0b94de980dba3223c",
            "owner_id": "386229360246",
            "tags": {
              "Env": "Dev",
              "Name": "VPC_Virginia"
            },
            "tags_all": {
              "Env": "Dev",
              "Name": "VPC_Virginia"
            }
          },
          "sensitive_attributes": [],
          "private": "eyJzY2hlbWFfdmVyc2lvbiI6IjEifQ=="
        }
      ]
    }
  ],
  "check_results": null
}
