{
  "version": 4,
  "terraform_version": "1.9.5",
  "serial": 4,
  "lineage": "6695dc6a-859c-29fe-6a00-a556bbd0ae4a",
  "outputs": {},
  "resources": [
    {
      "mode": "managed",
      "type": "local_file",
      "name": "productos",
      "provider": "provider[\"registry.terraform.io/hashicorp/local\"]",
      "instances": [
        {
          "schema_version": 0,
          "attributes": {
            "content": "Lista de productos para el mes de Septiembre",
            "content_base64": null,
            "content_base64sha256": "Zdaljv4cau1Pb3myDcfxPop3YM/7/y1HCCxQaaNlujU=",
            "content_base64sha512": "ZdLWXS9SpJIkzlU9J0gX+vj7tU78kNXmQ2s3I/OulokSRShSxMqd5RjiXQWJFmCuNRclx7jxUz6+q7pkzy+0WQ==",
            "content_md5": "84d9515255418344c37e1def2d408fa1",
            "content_sha1": "3c64b0336836597c817658b4d536dee1cc3e3a72",
            "content_sha256": "65d6a58efe1c6aed4f6f79b20dc7f13e8a7760cffbff2d47082c5069a365ba35",
            "content_sha512": "65d2d65d2f52a49224ce553d274817faf8fbb54efc90d5e6436b3723f3ae968912452852c4ca9de518e25d05891660ae351725c7b8f1533ebeabba64cf2fb459",
            "directory_permission": "0777",
            "file_permission": "0777",
            "filename": "productos.txt",
            "id": "3c64b0336836597c817658b4d536dee1cc3e3a72",
            "sensitive_content": null,
            "source": null
          },
          "sensitive_attributes": [
            [
              {
                "type": "get_attr",
                "value": "sensitive_content"
              }
            ]
          ]
        }
      ]
    }
  ],
  "check_results": null
}
