{
  "version": 4,
  "terraform_version": "1.9.5",
  "serial": 5,
  "lineage": "fccdbeac-fb7c-b30a-d655-7e25df148e72",
  "outputs": {},
  "resources": [
    {
      "mode": "managed",
      "type": "local_file",
      "name": "productos",
      "provider": "provider[\"registry.terraform.io/hashicorp/local\"]",
      "instances": [
        {
          "index_key": 0,
          "schema_version": 0,
          "attributes": {
            "content": "Lista de productos para el mes de Septiembre",
            "content_base64": null,
            "content_base64sha256": "Zdaljv4cau1Pb3myDcfxPop3YM/7/y1HCCxQaaNlujU=",
            "content_base64sha512": "ZdLWXS9SpJIkzlU9J0gX+vj7tU78kNXmQ2s3I/OulokSRShSxMqd5RjiXQWJFmCuNRclx7jxUz6+q7pkzy+0WQ==",
            "content_md5": "84d9515255418344c37e1def2d408fa1",
            "content_sha1": "3c64b0336836597c817658b4d536dee1cc3e3a72",
            "content_sha256": "65d6a58efe1c6aed4f6f79b20dc7f13e8a7760cffbff2d47082c5069a365ba35",
            "content_sha512": "65d2d65d2f52a49224ce553d274817faf8fbb54efc90d5e6436b3723f3ae968912452852c4ca9de518e25d05891660ae351725c7b8f1533ebeabba64cf2fb459",
            "directory_permission": "0777",
            "file_permission": "0777",
            "filename": "productos-yxlc.txt",
            "id": "3c64b0336836597c817658b4d536dee1cc3e3a72",
            "sensitive_content": null,
            "source": null
          },
          "sensitive_attributes": [
            [
              {
                "type": "get_attr",
                "value": "sensitive_content"
              }
            ]
          ],
          "dependencies": [
            "random_string.sufijo"
          ]
        },
        {
          "index_key": 1,
          "schema_version": 0,
          "attributes": {
            "content": "Lista de productos para el mes de Septiembre",
            "content_base64": null,
            "content_base64sha256": "Zdaljv4cau1Pb3myDcfxPop3YM/7/y1HCCxQaaNlujU=",
            "content_base64sha512": "ZdLWXS9SpJIkzlU9J0gX+vj7tU78kNXmQ2s3I/OulokSRShSxMqd5RjiXQWJFmCuNRclx7jxUz6+q7pkzy+0WQ==",
            "content_md5": "84d9515255418344c37e1def2d408fa1",
            "content_sha1": "3c64b0336836597c817658b4d536dee1cc3e3a72",
            "content_sha256": "65d6a58efe1c6aed4f6f79b20dc7f13e8a7760cffbff2d47082c5069a365ba35",
            "content_sha512": "65d2d65d2f52a49224ce553d274817faf8fbb54efc90d5e6436b3723f3ae968912452852c4ca9de518e25d05891660ae351725c7b8f1533ebeabba64cf2fb459",
            "directory_permission": "0777",
            "file_permission": "0777",
            "filename": "productos-yoyx.txt",
            "id": "3c64b0336836597c817658b4d536dee1cc3e3a72",
            "sensitive_content": null,
            "source": null
          },
          "sensitive_attributes": [
            [
              {
                "type": "get_attr",
                "value": "sensitive_content"
              }
            ]
          ],
          "dependencies": [
            "random_string.sufijo"
          ]
        },
        {
          "index_key": 2,
          "schema_version": 0,
          "attributes": {
            "content": "Lista de productos para el mes de Septiembre",
            "content_base64": null,
            "content_base64sha256": "Zdaljv4cau1Pb3myDcfxPop3YM/7/y1HCCxQaaNlujU=",
            "content_base64sha512": "ZdLWXS9SpJIkzlU9J0gX+vj7tU78kNXmQ2s3I/OulokSRShSxMqd5RjiXQWJFmCuNRclx7jxUz6+q7pkzy+0WQ==",
            "content_md5": "84d9515255418344c37e1def2d408fa1",
            "content_sha1": "3c64b0336836597c817658b4d536dee1cc3e3a72",
            "content_sha256": "65d6a58efe1c6aed4f6f79b20dc7f13e8a7760cffbff2d47082c5069a365ba35",
            "content_sha512": "65d2d65d2f52a49224ce553d274817faf8fbb54efc90d5e6436b3723f3ae968912452852c4ca9de518e25d05891660ae351725c7b8f1533ebeabba64cf2fb459",
            "directory_permission": "0777",
            "file_permission": "0777",
            "filename": "productos-zpmn.txt",
            "id": "3c64b0336836597c817658b4d536dee1cc3e3a72",
            "sensitive_content": null,
            "source": null
          },
          "sensitive_attributes": [
            [
              {
                "type": "get_attr",
                "value": "sensitive_content"
              }
            ]
          ],
          "dependencies": [
            "random_string.sufijo"
          ]
        }
      ]
    },
    {
      "mode": "managed",
      "type": "random_string",
      "name": "sufijo",
      "provider": "provider[\"registry.terraform.io/hashicorp/random\"]",
      "instances": [
        {
          "index_key": 0,
          "schema_version": 2,
          "attributes": {
            "id": "yxlc",
            "keepers": null,
            "length": 4,
            "lower": true,
            "min_lower": 0,
            "min_numeric": 0,
            "min_special": 0,
            "min_upper": 0,
            "number": false,
            "numeric": false,
            "override_special": null,
            "result": "yxlc",
            "special": false,
            "upper": false
          },
          "sensitive_attributes": []
        },
        {
          "index_key": 1,
          "schema_version": 2,
          "attributes": {
            "id": "yoyx",
            "keepers": null,
            "length": 4,
            "lower": true,
            "min_lower": 0,
            "min_numeric": 0,
            "min_special": 0,
            "min_upper": 0,
            "number": false,
            "numeric": false,
            "override_special": null,
            "result": "yoyx",
            "special": false,
            "upper": false
          },
          "sensitive_attributes": []
        },
        {
          "index_key": 2,
          "schema_version": 2,
          "attributes": {
            "id": "zpmn",
            "keepers": null,
            "length": 4,
            "lower": true,
            "min_lower": 0,
            "min_numeric": 0,
            "min_special": 0,
            "min_upper": 0,
            "number": false,
            "numeric": false,
            "override_special": null,
            "result": "zpmn",
            "special": false,
            "upper": false
          },
          "sensitive_attributes": []
        }
      ]
    }
  ],
  "check_results": null
}
